
Microsoft Visual Studio Solution File, Format Version 12.00
# Visual Studio Version 16
VisualStudioVersion = 16.0.31105.61
MinimumVisualStudioVersion = 10.0.40219.1
Project("{9A19103F-16F7-4668-BE54-9A1E7A4F7556}") = "HomeCenter.Wpf", "HomeCenter.Wpf\HomeCenter.Wpf.csproj", "{7D476A64-A451-486B-8990-E41C00861BA9}"
EndProject
Project("{9A19103F-16F7-4668-BE54-9A1E7A4F7556}") = "HomeCenter.Services", "HomeCenter.Services\HomeCenter.Services.csproj", "{C3F87C36-E4DC-42B7-A11F-E94970A27741}"
EndProject
Global
	GlobalSection(SolutionConfigurationPlatforms) = preSolution
		Debug|Any CPU = Debug|Any CPU
		Release|Any CPU = Release|Any CPU
	EndGlobalSection
	GlobalSection(ProjectConfigurationPlatforms) = postSolution
		{7D476A64-A451-486B-8990-E41C00861BA9}.Debug|Any CPU.ActiveCfg = Debug|Any CPU
		{7D476A64-A451-486B-8990-E41C00861BA9}.Debug|Any CPU.Build.0 = Debug|Any CPU
		{7D476A64-A451-486B-8990-E41C00861BA9}.Release|Any CPU.ActiveCfg = Release|Any CPU
		{7D476A64-A451-486B-8990-E41C00861BA9}.Release|Any CPU.Build.0 = Release|Any CPU
		{C3F87C36-E4DC-42B7-A11F-E94970A27741}.Debug|Any CPU.ActiveCfg = Debug|Any CPU
		{C3F87C36-E4DC-42B7-A11F-E94970A27741}.Debug|Any CPU.Build.0 = Debug|Any CPU
		{C3F87C36-E4DC-42B7-A11F-E94970A27741}.Release|Any CPU.ActiveCfg = Release|Any CPU
		{C3F87C36-E4DC-42B7-A11F-E94970A27741}.Release|Any CPU.Build.0 = Release|Any CPU
	EndGlobalSection
	GlobalSection(SolutionProperties) = preSolution
		HideSolutionNode = FALSE
	EndGlobalSection
	GlobalSection(ExtensibilityGlobals) = postSolution
		SolutionGuid = {78882759-2117-4BDB-B5EF-075E133E37D4}
	EndGlobalSection
EndGlobal
